# This file is automatically @generated by Wally.
# It is not intended for manual editing.
registry = "test"

[[package]]
name = "corecii/api-dump-static"
version = "1.0.6140412"
dependencies = []

[[package]]
name = "egomooose/text-tools"
version = "0.1.0"
dependencies = [["APIDumpStatic", "corecii/api-dump-static@1.0.6140412"], ["Promise", "evaera/promise@4.0.0"]]

[[package]]
name = "evaera/promise"
version = "4.0.0"
dependencies = []
